
Microsoft Visual Studio Solution File, Format Version 12.00
# Visual Studio 15
VisualStudioVersion = 15.0.27428.2002
MinimumVisualStudioVersion = 10.0.40219.1
Project("{FAE04EC0-301F-11D3-BF4B-00C04F79EFBC}") = "SOLID-OCP -Open closed principle", "SOLID-OCP -Open closed principle\SOLID-OCP -Open closed principle.csproj", "{004979EF-9645-48B7-8F40-68FB82A006B4}"
EndProject
Global
	GlobalSection(SolutionConfigurationPlatforms) = preSolution
		Debug|Any CPU = Debug|Any CPU
		Release|Any CPU = Release|Any CPU
	EndGlobalSection
	GlobalSection(ProjectConfigurationPlatforms) = postSolution
		{004979EF-9645-48B7-8F40-68FB82A006B4}.Debug|Any CPU.ActiveCfg = Debug|Any CPU
		{004979EF-9645-48B7-8F40-68FB82A006B4}.Debug|Any CPU.Build.0 = Debug|Any CPU
		{004979EF-9645-48B7-8F40-68FB82A006B4}.Release|Any CPU.ActiveCfg = Release|Any CPU
		{004979EF-9645-48B7-8F40-68FB82A006B4}.Release|Any CPU.Build.0 = Release|Any CPU
	EndGlobalSection
	GlobalSection(SolutionProperties) = preSolution
		HideSolutionNode = FALSE
	EndGlobalSection
	GlobalSection(ExtensibilityGlobals) = postSolution
		SolutionGuid = {45707CDE-9388-4A3B-881E-E41E5C9F9BA8}
	EndGlobalSection
EndGlobal
